
Microsoft Visual Studio Solution File, Format Version 12.00
# Visual Studio Version 17
VisualStudioVersion = 17.6.33829.357
MinimumVisualStudioVersion = 10.0.40219.1
Project("{9A19103F-16F7-4668-BE54-9A1E7A4F7556}") = "TelephoneBookAPI", "TelephoneBookAPI\TelephoneBookAPI.csproj", "{08F24AE1-62BA-4778-9A1D-073F20CFBFC8}"
EndProject
Global
	GlobalSection(SolutionConfigurationPlatforms) = preSolution
		Debug|Any CPU = Debug|Any CPU
		Release|Any CPU = Release|Any CPU
	EndGlobalSection
	GlobalSection(ProjectConfigurationPlatforms) = postSolution
		{08F24AE1-62BA-4778-9A1D-073F20CFBFC8}.Debug|Any CPU.ActiveCfg = Debug|Any CPU
		{08F24AE1-62BA-4778-9A1D-073F20CFBFC8}.Debug|Any CPU.Build.0 = Debug|Any CPU
		{08F24AE1-62BA-4778-9A1D-073F20CFBFC8}.Release|Any CPU.ActiveCfg = Release|Any CPU
		{08F24AE1-62BA-4778-9A1D-073F20CFBFC8}.Release|Any CPU.Build.0 = Release|Any CPU
	EndGlobalSection
	GlobalSection(SolutionProperties) = preSolution
		HideSolutionNode = FALSE
	EndGlobalSection
	GlobalSection(ExtensibilityGlobals) = postSolution
		SolutionGuid = {AC3953EF-B2FC-4974-B5DE-DBF95E0FB6F6}
	EndGlobalSection
EndGlobal
